{
  "nodes": {
    "bats": {
      "inputs": {
        "conformist": [
          "conformist"
        ],
        "igloo": [
          "igloo"
        ],
        "nixpkgs-master": [
          "nixpkgs-master"
        ],
        "utils": [
          "utils"
        ]
      },
      "locked": {
        "lastModified": 1785438425,
        "narHash": "sha256-LwWEVk4h2SrcRxgLZTA3zjGDCyRo0oZU522Iz6mmx2Q=",
        "rev": "266860c1271a30b4b20e93b9d7c5693cadadac88",
        "type": "tarball",
        "url": "https://code.linenisgreat.com/bats/archive/266860c1271a30b4b20e93b9d7c5693cadadac88.tar.gz"
      },
      "original": {
        "type": "tarball",
        "url": "https://code.linenisgreat.com/bats/archive/master.tar.gz"
      }
    },
    "bats_2": {
      "inputs": {
        "igloo": [
          "papi",
          "langlang",
          "tap",
          "igloo"
        ],
        "nixpkgs-master": [
          "papi",
          "langlang",
          "tap",
          "nixpkgs-master"
        ],
        "treefmt-nix": [
          "papi",
          "langlang",
          "tap",
          "treefmt-nix"
        ],
        "utils": [
          "papi",
          "langlang",
          "tap",
          "utils"
        ]
      },
      "locked": {
        "lastModified": 1783342831,
        "narHash": "sha256-yLDuY0Zf6DIT1vlzlLFhoyvsDNcL2OOPPcRCym8BYJE=",
        "owner": "amarbel-llc",
        "repo": "bats",
        "rev": "7f64db7d8905d0cef6410ec6689e3fbcb02f1fd5",
        "type": "github"
      },
      "original": {
        "owner": "amarbel-llc",
        "repo": "bats",
        "type": "github"
      }
    },
    "bun2nix": {
      "inputs": {
        "flake-parts": [
          "igloo",
          "flake-parts"
        ],
        "nixpkgs": [
          "igloo",
          "nixpkgs-master"
        ],
        "systems": [
          "igloo",
          "systems"
        ],
        "treefmt-nix": [
          "igloo",
          "treefmt-nix"
        ]
      },
      "locked": {
        "lastModified": 1784665499,
        "narHash": "sha256-9BMxlTxCCDAeoNLtb1a/st7udtTIJep+wpUzquA29VU=",
        "owner": "nix-community",
        "repo": "bun2nix",
        "rev": "0f2a1f0b6f42cebe3b149bf62d38754c5e0e9729",
        "type": "github"
      },
      "original": {
        "owner": "nix-community",
        "repo": "bun2nix",
        "type": "github"
      }
    },
    "conformist": {
      "inputs": {
        "igloo": [
          "igloo"
        ],
        "nixpkgs-master": [
          "nixpkgs-master"
        ],
        "utils": [
          "utils"
        ]
      },
      "locked": {
        "lastModified": 1785437782,
        "narHash": "sha256-RXXFByXdaHyltSuHxV1PASj2j491yySr2jucNmpoIq0=",
        "rev": "3ada15ed04234e01746a146a08083a135726a296",
        "type": "tarball",
        "url": "https://code.linenisgreat.com/conformist/archive/3ada15ed04234e01746a146a08083a135726a296.tar.gz"
      },
      "original": {
        "type": "tarball",
        "url": "https://code.linenisgreat.com/conformist/archive/master.tar.gz"
      }
    },
    "conformist_2": {
      "inputs": {
        "igloo": "igloo_2",
        "nixpkgs-master": [
          "papi",
          "langlang",
          "nixpkgs-master"
        ],
        "utils": [
          "papi",
          "langlang",
          "utils"
        ]
      },
      "locked": {
        "lastModified": 1784468054,
        "narHash": "sha256-Ac2CID8/oe4WAsedvfTpjQMjoduKTglJaKraqoczTT0=",
        "type": "tarball",
        "url": "https://code.linenisgreat.com/conformist/archive/025c839dda59e4ff47249e56ea636d7cc262b604.tar.gz"
      },
      "original": {
        "type": "tarball",
        "url": "https://code.linenisgreat.com/conformist/archive/master.tar.gz"
      }
    },
    "crane": {
      "locked": {
        "lastModified": 1785284101,
        "narHash": "sha256-ghcXEpYEM4a7pbEkoqbn8c0ptJJqgGzuFiG3T6W5g4I=",
        "owner": "ipetkov",
        "repo": "crane",
        "rev": "756d6d07c3818ea95d1e2cdac63fa7d02fe3e61b",
        "type": "github"
      },
      "original": {
        "owner": "ipetkov",
        "repo": "crane",
        "type": "github"
      }
    },
    "crap": {
      "inputs": {
        "bats": [
          "bats"
        ],
        "conformist": [
          "conformist"
        ],
        "igloo": [
          "igloo"
        ],
        "nixpkgs-master": [
          "nixpkgs-master"
        ],
        "utils": [
          "utils"
        ]
      },
      "locked": {
        "lastModified": 1785451788,
        "narHash": "sha256-YaLp2WBcgXGR4TOiTa23l8GKMa4v1QlicTLlQ7LjSp8=",
        "rev": "3be8b93bc2533be522a5a0067ab4a899c7325460",
        "type": "tarball",
        "url": "https://code.linenisgreat.com/crap/archive/3be8b93bc2533be522a5a0067ab4a899c7325460.tar.gz"
      },
      "original": {
        "type": "tarball",
        "url": "https://code.linenisgreat.com/crap/archive/master.tar.gz"
      }
    },
    "doppelgang": {
      "inputs": {
        "conformist": [
          "madder",
          "conformist"
        ],
        "igloo": [
          "madder",
          "igloo"
        ],
        "nixpkgs-master": [
          "madder",
          "nixpkgs-master"
        ],
        "utils": [
          "madder",
          "utils"
        ]
      },
      "locked": {
        "lastModified": 1785453646,
        "narHash": "sha256-eTFu8sImjsuXenXpZeXFMrebf2jflNomAgCGoG76yO0=",
        "rev": "ef9e3e474fa3690682b006f4a65399a7a80bb709",
        "type": "tarball",
        "url": "https://code.linenisgreat.com/doppelgang/archive/ef9e3e474fa3690682b006f4a65399a7a80bb709.tar.gz"
      },
      "original": {
        "type": "tarball",
        "url": "https://code.linenisgreat.com/doppelgang/archive/master.tar.gz"
      }
    },
    "flake-parts": {
      "inputs": {
        "nixpkgs-lib": [
          "igloo",
          "nixpkgs-master"
        ]
      },
      "locked": {
        "lastModified": 1785627969,
        "narHash": "sha256-4dtXQk/NMePegK/nWp5NSeuZKLATItOq61lpEvmXqGw=",
        "owner": "hercules-ci",
        "repo": "flake-parts",
        "rev": "427bf4bd9435fdf21321c8cc628c24efc14c0f7a",
        "type": "github"
      },
      "original": {
        "owner": "hercules-ci",
        "repo": "flake-parts",
        "type": "github"
      }
    },
    "gomod2nix": {
      "inputs": {
        "flake-utils": [
          "madder",
          "purse-first",
          "utils"
        ],
        "nixpkgs-master": [
          "madder",
          "purse-first",
          "nixpkgs-master"
        ]
      },
      "locked": {
        "lastModified": 1785249242,
        "narHash": "sha256-PYnzeRibCvHs1TLPPZxEds1KW0qYUZ4ycfeCc6bCwrk=",
        "rev": "38d90d9cdcaca83282c78f8ce1f89414b3e0d854",
        "type": "tarball",
        "url": "https://code.linenisgreat.com/gomod2nix/archive/38d90d9cdcaca83282c78f8ce1f89414b3e0d854.tar.gz"
      },
      "original": {
        "type": "tarball",
        "url": "https://code.linenisgreat.com/gomod2nix/archive/master.tar.gz"
      }
    },
    "gomod2nix_2": {
      "inputs": {
        "flake-utils": [
          "purse-first",
          "utils"
        ],
        "nixpkgs-master": [
          "purse-first",
          "nixpkgs-master"
        ]
      },
      "locked": {
        "lastModified": 1785249242,
        "narHash": "sha256-PYnzeRibCvHs1TLPPZxEds1KW0qYUZ4ycfeCc6bCwrk=",
        "rev": "38d90d9cdcaca83282c78f8ce1f89414b3e0d854",
        "type": "tarball",
        "url": "https://code.linenisgreat.com/gomod2nix/archive/38d90d9cdcaca83282c78f8ce1f89414b3e0d854.tar.gz"
      },
      "original": {
        "type": "tarball",
        "url": "https://code.linenisgreat.com/gomod2nix/archive/master.tar.gz"
      }
    },
    "hyphence": {
      "inputs": {
        "bats": [
          "madder",
          "bats"
        ],
        "conformist": [
          "madder",
          "conformist"
        ],
        "doppelgang": [
          "madder",
          "doppelgang"
        ],
        "igloo": [
          "madder",
          "igloo"
        ],
        "langlang": [
          "papi",
          "langlang"
        ],
        "nixpkgs-master": [
          "madder",
          "nixpkgs-master"
        ],
        "piggy": [
          "madder",
          "piggy"
        ],
        "purse-first": [
          "madder",
          "purse-first"
        ],
        "utils": [
          "madder",
          "utils"
        ]
      },
      "locked": {
        "lastModified": 1786115159,
        "narHash": "sha256-l4JhssWYN0Jhvyi+WaGXboG+/koitm7Fzq30TOLzWfo=",
        "rev": "823852ea6528a03b3c47b3d02ed3afe6b408f150",
        "type": "tarball",
        "url": "https://code.linenisgreat.com/hyphence/archive/823852ea6528a03b3c47b3d02ed3afe6b408f150.tar.gz"
      },
      "original": {
        "type": "tarball",
        "url": "https://code.linenisgreat.com/hyphence/archive/master.tar.gz"
      }
    },
    "igloo": {
      "inputs": {
        "bun2nix": "bun2nix",
        "flake-parts": "flake-parts",
        "nixpkgs-master": [
          "nixpkgs-master"
        ],
        "systems": "systems",
        "treefmt-nix": "treefmt-nix"
      },
      "locked": {
        "lastModified": 1786115281,
        "narHash": "sha256-OVq4SR28B+HQxv/qbYfvIzSA+NSqXvksRczlem6fs0g=",
        "rev": "20e7e8ed20603f6a48bbf3620cea53e1ffe068cb",
        "type": "tarball",
        "url": "https://code.linenisgreat.com/igloo/archive/20e7e8ed20603f6a48bbf3620cea53e1ffe068cb.tar.gz"
      },
      "original": {
        "type": "tarball",
        "url": "https://code.linenisgreat.com/igloo/archive/master.tar.gz"
      }
    },
    "igloo_2": {
      "inputs": {
        "bun2nix": [
          "papi",
          "igloo",
          "bun2nix"
        ],
        "flake-parts": [
          "papi",
          "igloo",
          "flake-parts"
        ],
        "nixpkgs-master": [
          "papi",
          "langlang",
          "conformist",
          "nixpkgs-master"
        ],
        "systems": [
          "papi",
          "igloo",
          "systems"
        ],
        "treefmt-nix": [
          "papi",
          "igloo",
          "treefmt-nix"
        ]
      },
      "locked": {
        "lastModified": 1783896868,
        "narHash": "sha256-pN9WzpM9sBz6DmQIlALLhAKIC9yrbY9rLa+qrYr8Ph8=",
        "type": "tarball",
        "url": "https://code.linenisgreat.com/igloo/archive/e04bba9f87552e4161ebec00c528361316d36d3c.tar.gz"
      },
      "original": {
        "type": "tarball",
        "url": "https://code.linenisgreat.com/igloo/archive/master.tar.gz"
      }
    },
    "jcardsim": {
      "flake": false,
      "locked": {
        "lastModified": 1589327878,
        "narHash": "sha256-0akp8BAp6QxGuBrDFEg0ED/F98bCkO2WQSocYqWszyI=",
        "owner": "arekinath",
        "repo": "jcardsim",
        "rev": "4c766cfb48c43507f9a30a1443e7214d2073a430",
        "type": "github"
      },
      "original": {
        "owner": "arekinath",
        "repo": "jcardsim",
        "type": "github"
      }
    },
    "langlang": {
      "inputs": {
        "bats": [
          "madder",
          "bats"
        ],
        "conformist": [
          "madder",
          "conformist"
        ],
        "igloo": [
          "madder",
          "igloo"
        ],
        "nixpkgs-master": [
          "madder",
          "nixpkgs-master"
        ],
        "tap": [
          "madder",
          "tap"
        ],
        "utils": [
          "madder",
          "utils"
        ]
      },
      "locked": {
        "lastModified": 1786115367,
        "narHash": "sha256-BnioDJAFB+FUEx4JxLOL5kvEv0eJufEKmzbTTaZ96H4=",
        "rev": "132b01bacd55b77b1637c873fca6757d5361f8b6",
        "type": "tarball",
        "url": "https://code.linenisgreat.com/langlang/archive/132b01bacd55b77b1637c873fca6757d5361f8b6.tar.gz"
      },
      "original": {
        "type": "tarball",
        "url": "https://code.linenisgreat.com/langlang/archive/master.tar.gz"
      }
    },
    "langlang_2": {
      "inputs": {
        "bats": [
          "papi",
          "piggy",
          "bats"
        ],
        "conformist": "conformist_2",
        "igloo": [
          "papi",
          "igloo"
        ],
        "nixpkgs-master": [
          "papi",
          "nixpkgs-master"
        ],
        "tap": "tap_2",
        "utils": [
          "papi",
          "utils"
        ]
      },
      "locked": {
        "lastModified": 1784490662,
        "narHash": "sha256-+sUBunSpwCOz9e/edtAlkytOPL3YIhWUuG7eGi0Q16I=",
        "type": "tarball",
        "url": "https://code.linenisgreat.com/langlang/archive/6a49322ac0d587c32dde4ab9cb54b75474e9e870.tar.gz"
      },
      "original": {
        "type": "tarball",
        "url": "https://code.linenisgreat.com/langlang/archive/master.tar.gz"
      }
    },
    "madder": {
      "inputs": {
        "bats": [
          "bats"
        ],
        "conformist": [
          "conformist"
        ],
        "crap": [
          "crap"
        ],
        "doppelgang": "doppelgang",
        "hyphence": "hyphence",
        "igloo": [
          "igloo"
        ],
        "langlang": "langlang",
        "nixpkgs-master": [
          "nixpkgs-master"
        ],
        "piggy": "piggy",
        "purse-first": "purse-first",
        "tap": "tap",
        "tommy": [
          "tommy"
        ],
        "utils": [
          "utils"
        ]
      },
      "locked": {
        "lastModified": 1786115586,
        "narHash": "sha256-qBN/aHN/ASgDGV2TI4xu0uS1Q9Tw110SstOjMncYOU4=",
        "rev": "143e92a3d1e7c370113cdd07838e2d47cf0c4283",
        "type": "tarball",
        "url": "https://code.linenisgreat.com/madder/archive/143e92a3d1e7c370113cdd07838e2d47cf0c4283.tar.gz"
      },
      "original": {
        "type": "tarball",
        "url": "https://code.linenisgreat.com/madder/archive/master.tar.gz"
      }
    },
    "nixpkgs-master": {
      "locked": {
        "lastModified": 1781577229,
        "narHash": "sha256-lrp67w8AulE9Ks53n27I45ADSzbOCn4H+CNW1Ck8B+8=",
        "owner": "NixOS",
        "repo": "nixpkgs",
        "rev": "567a49d1913ce81ac6e9582e3553dd90a955875f",
        "type": "github"
      },
      "original": {
        "owner": "NixOS",
        "repo": "nixpkgs",
        "rev": "567a49d1913ce81ac6e9582e3553dd90a955875f",
        "type": "github"
      }
    },
    "oracle-javacard-sdks": {
      "flake": false,
      "locked": {
        "lastModified": 1778827321,
        "narHash": "sha256-HL4EdW+aX/Ff2uqibxnOYTthVVglD6bf58CNvNEOGEA=",
        "owner": "martinpaljak",
        "repo": "oracle_javacard_sdks",
        "rev": "6a75ec0d6913db236d354f154df7dbc9573d976d",
        "type": "github"
      },
      "original": {
        "owner": "martinpaljak",
        "repo": "oracle_javacard_sdks",
        "type": "github"
      }
    },
    "papi": {
      "inputs": {
        "conformist": [
          "conformist"
        ],
        "hyphence": [
          "madder",
          "hyphence"
        ],
        "igloo": [
          "igloo"
        ],
        "langlang": "langlang_2",
        "nixpkgs": [
          "papi",
          "conformist",
          "nixpkgs-master"
        ],
        "nixpkgs-master": [
          "nixpkgs-master"
        ],
        "piggy": [
          "madder",
          "piggy"
        ],
        "purse-first": [
          "madder",
          "purse-first"
        ],
        "utils": [
          "utils"
        ]
      },
      "locked": {
        "lastModified": 1785332848,
        "narHash": "sha256-AxLJ00VwkdCxGadqKWsGGEhtMIOMt15IF6V+9U8juEE=",
        "rev": "fec6b21e2a73cf39a59d62838a73b25deaeb0722",
        "type": "tarball",
        "url": "https://code.linenisgreat.com/papi/archive/fec6b21e2a73cf39a59d62838a73b25deaeb0722.tar.gz"
      },
      "original": {
        "type": "tarball",
        "url": "https://code.linenisgreat.com/papi/archive/master.tar.gz"
      }
    },
    "piggy": {
      "inputs": {
        "bats": [
          "madder",
          "bats"
        ],
        "conformist": [
          "madder",
          "conformist"
        ],
        "igloo": [
          "madder",
          "igloo"
        ],
        "jcardsim": "jcardsim",
        "langlang": [
          "madder",
          "langlang"
        ],
        "nixpkgs-master": [
          "madder",
          "nixpkgs-master"
        ],
        "oracle-javacard-sdks": "oracle-javacard-sdks",
        "pivapplet": "pivapplet",
        "purse-first": [
          "madder",
          "purse-first"
        ],
        "utils": [
          "madder",
          "utils"
        ]
      },
      "locked": {
        "lastModified": 1785844502,
        "narHash": "sha256-KeFvEsQi+heaQcFmpWaTHPBYpx2YlrUYa8Ro3HZbyUA=",
        "rev": "101885d616089585e3f342db4c7f1f1090a1ffeb",
        "type": "tarball",
        "url": "https://code.linenisgreat.com/piggy/archive/101885d616089585e3f342db4c7f1f1090a1ffeb.tar.gz"
      },
      "original": {
        "type": "tarball",
        "url": "https://code.linenisgreat.com/piggy/archive/master.tar.gz"
      }
    },
    "pivapplet": {
      "flake": false,
      "locked": {
        "lastModified": 1661144882,
        "narHash": "sha256-FuO9iocgB1ZjQCKW9EfPUuCIx066LIz0mhb73SmGMAw=",
        "owner": "arekinath",
        "repo": "PivApplet",
        "rev": "5cb14a9e8d16e92fbad73dcad86a219a9210554f",
        "type": "github"
      },
      "original": {
        "owner": "arekinath",
        "repo": "PivApplet",
        "type": "github"
      }
    },
    "purse-first": {
      "inputs": {
        "conformist": [
          "madder",
          "conformist"
        ],
        "gomod2nix": "gomod2nix",
        "igloo": [
          "madder",
          "igloo"
        ],
        "nixpkgs-master": [
          "madder",
          "nixpkgs-master"
        ],
        "utils": [
          "madder",
          "utils"
        ]
      },
      "locked": {
        "lastModified": 1785787547,
        "narHash": "sha256-ywiWP9EUqiYyCj4OLPmtIi8b49URKi9hAY3FOPhbm3k=",
        "rev": "e463e94c79d4a79606290443f959a0945a1cde14",
        "type": "tarball",
        "url": "https://code.linenisgreat.com/purse-first/archive/e463e94c79d4a79606290443f959a0945a1cde14.tar.gz"
      },
      "original": {
        "type": "tarball",
        "url": "https://code.linenisgreat.com/purse-first/archive/master.tar.gz"
      }
    },
    "purse-first_2": {
      "inputs": {
        "conformist": [
          "conformist"
        ],
        "gomod2nix": "gomod2nix_2",
        "igloo": [
          "igloo"
        ],
        "nixpkgs-master": [
          "nixpkgs-master"
        ],
        "utils": [
          "utils"
        ]
      },
      "locked": {
        "lastModified": 1787693286,
        "narHash": "sha256-EImiECHAgJrFqc8HkV9KUIMsyVDyYoQTFh0kh73l4Ps=",
        "rev": "c975a3b576d0fa6b4f1410fbe2f83557f55b6005",
        "type": "tarball",
        "url": "https://code.linenisgreat.com/purse-first/archive/c975a3b576d0fa6b4f1410fbe2f83557f55b6005.tar.gz"
      },
      "original": {
        "type": "tarball",
        "url": "https://code.linenisgreat.com/purse-first/archive/master.tar.gz"
      }
    },
    "ringmaster": {
      "inputs": {
        "bats": [
          "bats"
        ],
        "igloo": [
          "igloo"
        ],
        "nixpkgs-master": [
          "nixpkgs-master"
        ],
        "purse-first": [
          "purse-first"
        ],
        "utils": [
          "utils"
        ]
      },
      "locked": {
        "lastModified": 1786281304,
        "narHash": "sha256-bI16muaFPavysGhZmxgtPkZQwWD2tHr2rn8z+E5w0VY=",
        "rev": "4589075aa5f4d5393edca93c10dbb0662afc479d",
        "type": "tarball",
        "url": "https://code.linenisgreat.com/ringmaster/archive/4589075aa5f4d5393edca93c10dbb0662afc479d.tar.gz"
      },
      "original": {
        "type": "tarball",
        "url": "https://code.linenisgreat.com/ringmaster/archive/master.tar.gz"
      }
    },
    "root": {
      "inputs": {
        "bats": "bats",
        "conformist": "conformist",
        "crap": "crap",
        "igloo": "igloo",
        "madder": "madder",
        "nixpkgs-master": "nixpkgs-master",
        "papi": "papi",
        "purse-first": "purse-first_2",
        "ringmaster": "ringmaster",
        "tommy": "tommy",
        "utils": "utils"
      }
    },
    "rust-overlay": {
      "inputs": {
        "nixpkgs": [
          "madder",
          "tap",
          "igloo"
        ]
      },
      "locked": {
        "lastModified": 1785388444,
        "narHash": "sha256-6gtZiMMyfgr1CHA5g6fXoIYkTngQWMm1wtp3gNtuqJU=",
        "owner": "oxalica",
        "repo": "rust-overlay",
        "rev": "c5b112f74bdbf91c5afd2d3779d12989818c9e8c",
        "type": "github"
      },
      "original": {
        "owner": "oxalica",
        "repo": "rust-overlay",
        "type": "github"
      }
    },
    "rust-overlay_2": {
      "inputs": {
        "nixpkgs": [
          "papi",
          "langlang",
          "tap",
          "igloo"
        ]
      },
      "locked": {
        "lastModified": 1783320166,
        "narHash": "sha256-l7C/OsjcnWDOk2K3ssj+SBduwL67LashjBqis9+t468=",
        "owner": "oxalica",
        "repo": "rust-overlay",
        "rev": "20ee15370c9256669d66968b89ee20a4b0a4e673",
        "type": "github"
      },
      "original": {
        "owner": "oxalica",
        "repo": "rust-overlay",
        "type": "github"
      }
    },
    "systems": {
      "locked": {
        "lastModified": 1681028828,
        "narHash": "sha256-Vy1rq5AaRuLzOxct8nz4T6wlgyUR7zLU309k9mBC768=",
        "owner": "nix-systems",
        "repo": "default",
        "rev": "da67096a3b9bf56a91d16901293e51ba5b49a27e",
        "type": "github"
      },
      "original": {
        "owner": "nix-systems",
        "repo": "default",
        "type": "github"
      }
    },
    "tap": {
      "inputs": {
        "bats": [
          "madder",
          "bats"
        ],
        "crane": "crane",
        "gomod2nix": [
          "madder",
          "purse-first",
          "gomod2nix"
        ],
        "igloo": [
          "madder",
          "igloo"
        ],
        "nixpkgs-master": [
          "madder",
          "nixpkgs-master"
        ],
        "purse-first": [
          "madder",
          "purse-first"
        ],
        "rust-overlay": "rust-overlay",
        "treefmt-nix": [
          "madder",
          "igloo",
          "treefmt-nix"
        ],
        "utils": [
          "madder",
          "utils"
        ]
      },
      "locked": {
        "lastModified": 1785457462,
        "narHash": "sha256-nweNp3BqoZDsn7DqMs2I40/E4sIgZBeK1rozJt4osBc=",
        "rev": "b31bbd9fac9024176aece51e07f989e8f8e0628e",
        "type": "tarball",
        "url": "https://code.linenisgreat.com/tap/archive/b31bbd9fac9024176aece51e07f989e8f8e0628e.tar.gz"
      },
      "original": {
        "type": "tarball",
        "url": "https://code.linenisgreat.com/tap/archive/master.tar.gz"
      }
    },
    "tap_2": {
      "inputs": {
        "bats": "bats_2",
        "crane": [
          "madder",
          "tap",
          "crane"
        ],
        "gomod2nix": [
          "papi",
          "purse-first",
          "gomod2nix"
        ],
        "igloo": [
          "papi",
          "langlang",
          "igloo"
        ],
        "nixpkgs-master": [
          "papi",
          "langlang",
          "nixpkgs-master"
        ],
        "purse-first": [
          "papi",
          "purse-first"
        ],
        "rust-overlay": "rust-overlay_2",
        "treefmt-nix": [
          "papi",
          "igloo",
          "treefmt-nix"
        ],
        "utils": [
          "papi",
          "langlang",
          "utils"
        ]
      },
      "locked": {
        "lastModified": 1783344052,
        "narHash": "sha256-ujU00AfXjb1R/rZ67eSA2RF9ROgaIB7m3NQ/4kOshyc=",
        "owner": "amarbel-llc",
        "repo": "tap",
        "rev": "9ab6246c3faa5f36eb422050b48e875cd33e5e87",
        "type": "github"
      },
      "original": {
        "owner": "amarbel-llc",
        "repo": "tap",
        "type": "github"
      }
    },
    "tommy": {
      "inputs": {
        "bats": [
          "bats"
        ],
        "conformist": [
          "conformist"
        ],
        "igloo": [
          "igloo"
        ],
        "nixpkgs-master": [
          "nixpkgs-master"
        ],
        "tap": [
          "madder",
          "tap"
        ],
        "utils": [
          "utils"
        ]
      },
      "locked": {
        "lastModified": 1785457649,
        "narHash": "sha256-iywFVNyG3ehNT1s/pQQoOPfGVUN9es6ewG1Gt+vSGnU=",
        "rev": "a5d378081638bca90daa9de3036cabe14a78f1fe",
        "type": "tarball",
        "url": "https://code.linenisgreat.com/tommy/archive/a5d378081638bca90daa9de3036cabe14a78f1fe.tar.gz"
      },
      "original": {
        "type": "tarball",
        "url": "https://code.linenisgreat.com/tommy/archive/master.tar.gz"
      }
    },
    "treefmt-nix": {
      "inputs": {
        "nixpkgs": [
          "igloo",
          "nixpkgs-master"
        ]
      },
      "locked": {
        "lastModified": 1785945821,
        "narHash": "sha256-NLSyTCW4K4ofhNBllt3omPasm6QpralXH1DBZOc91Dw=",
        "owner": "numtide",
        "repo": "treefmt-nix",
        "rev": "ae7910970dddc408fe6ab1c8e4b277bb21d72dc0",
        "type": "github"
      },
      "original": {
        "owner": "numtide",
        "repo": "treefmt-nix",
        "type": "github"
      }
    },
    "utils": {
      "inputs": {
        "systems": [
          "igloo",
          "systems"
        ]
      },
      "locked": {
        "lastModified": 1731533236,
        "narHash": "sha256-l0KFg5HjrsfsO/JpG+r7fRrqm12kzFHyUHqHCVpMMbI=",
        "rev": "11707dc2f618dd54ca8739b309ec4fc024de578b",
        "revCount": 102,
        "type": "tarball",
        "url": "https://api.flakehub.com/f/pinned/numtide/flake-utils/0.1.102%2Brev-11707dc2f618dd54ca8739b309ec4fc024de578b/0193276d-5b8f-7dbc-acf1-41cb7b54ad2e/source.tar.gz"
      },
      "original": {
        "type": "tarball",
        "url": "https://flakehub.com/f/numtide/flake-utils/0.1.102"
      }
    }
  },
  "root": "root",
  "version": 7
}
