{
  "nodes": {
    "bats": {
      "inputs": {
        "igloo": [
          "igloo"
        ],
        "nixpkgs-master": [
          "nixpkgs-master"
        ],
        "treefmt-nix": "treefmt-nix",
        "utils": [
          "utils"
        ]
      },
      "locked": {
        "lastModified": 1781178159,
        "narHash": "sha256-eD0PMvHY1MCK7g31+xAM7+yf+wTXKGlaX1uEEFkQkAw=",
        "owner": "amarbel-llc",
        "repo": "bats",
        "rev": "74f6bb8d25a1801846980a033e733fbd32e3bbdb",
        "type": "github"
      },
      "original": {
        "owner": "amarbel-llc",
        "repo": "bats",
        "type": "github"
      }
    },
    "bats_2": {
      "inputs": {
        "igloo": [
          "tommy",
          "igloo"
        ],
        "nixpkgs-master": [
          "tommy",
          "nixpkgs-master"
        ],
        "treefmt-nix": "treefmt-nix_3",
        "utils": [
          "tommy",
          "utils"
        ]
      },
      "locked": {
        "lastModified": 1780831538,
        "narHash": "sha256-oTg0YYzHQTj0AZ8/7VnNgFOxqxidOJ/7FgriBRsGZe0=",
        "owner": "amarbel-llc",
        "repo": "bats",
        "rev": "abbbaab73eb394a49a89c663ed0a69ddd31a3de1",
        "type": "github"
      },
      "original": {
        "owner": "amarbel-llc",
        "repo": "bats",
        "type": "github"
      }
    },
    "bun2nix": {
      "inputs": {
        "flake-parts": [
          "igloo",
          "flake-parts"
        ],
        "nixpkgs": [
          "igloo",
          "nixpkgs-master"
        ],
        "systems": [
          "igloo",
          "systems"
        ],
        "treefmt-nix": [
          "igloo",
          "treefmt-nix"
        ]
      },
      "locked": {
        "lastModified": 1778446047,
        "narHash": "sha256-oQvcadh2BCkrog+SGrG6YffKJrveYpjj3TdQJWaKhaM=",
        "owner": "nix-community",
        "repo": "bun2nix",
        "rev": "f2bc12af1a6369648aac41041ceeaa0b866599c6",
        "type": "github"
      },
      "original": {
        "owner": "nix-community",
        "repo": "bun2nix",
        "type": "github"
      }
    },
    "bun2nix_2": {
      "inputs": {
        "flake-parts": [
          "tommy",
          "tap",
          "purse-first",
          "conformist",
          "purse-first",
          "igloo",
          "flake-parts"
        ],
        "nixpkgs": [
          "tommy",
          "tap",
          "purse-first",
          "conformist",
          "purse-first",
          "igloo",
          "nixpkgs-master"
        ],
        "systems": [
          "tommy",
          "tap",
          "purse-first",
          "conformist",
          "purse-first",
          "igloo",
          "systems"
        ],
        "treefmt-nix": [
          "tommy",
          "tap",
          "purse-first",
          "conformist",
          "purse-first",
          "igloo",
          "treefmt-nix"
        ]
      },
      "locked": {
        "lastModified": 1778446047,
        "narHash": "sha256-oQvcadh2BCkrog+SGrG6YffKJrveYpjj3TdQJWaKhaM=",
        "owner": "nix-community",
        "repo": "bun2nix",
        "rev": "f2bc12af1a6369648aac41041ceeaa0b866599c6",
        "type": "github"
      },
      "original": {
        "owner": "nix-community",
        "repo": "bun2nix",
        "type": "github"
      }
    },
    "conformist": {
      "inputs": {
        "igloo": [
          "igloo"
        ],
        "nixpkgs-master": [
          "nixpkgs-master"
        ],
        "purse-first": "purse-first",
        "utils": [
          "utils"
        ]
      },
      "locked": {
        "lastModified": 1781091350,
        "narHash": "sha256-Fh71UlDU1S35Ud8UDgOoNGsC+Aqn2vgLA4bdngh6uYc=",
        "owner": "amarbel-llc",
        "repo": "conformist",
        "rev": "32d84e8d2c50f0848654ba915b619ae9079be50b",
        "type": "github"
      },
      "original": {
        "owner": "amarbel-llc",
        "repo": "conformist",
        "type": "github"
      }
    },
    "conformist_2": {
      "inputs": {
        "igloo": [
          "crap",
          "igloo"
        ],
        "nixpkgs-master": [
          "crap",
          "nixpkgs-master"
        ],
        "purse-first": "purse-first_2",
        "utils": [
          "crap",
          "utils"
        ]
      },
      "locked": {
        "lastModified": 1780872932,
        "narHash": "sha256-S79nFo8f5CvRMX8E0Xl7Rw5YHjiahMjUhj0HR32Jeok=",
        "owner": "amarbel-llc",
        "repo": "conformist",
        "rev": "4edeb28944a7fd939d2ddd2b876c2cb2dc5ad075",
        "type": "github"
      },
      "original": {
        "owner": "amarbel-llc",
        "repo": "conformist",
        "type": "github"
      }
    },
    "conformist_3": {
      "inputs": {
        "igloo": [
          "crap",
          "conformist",
          "purse-first",
          "igloo"
        ],
        "nixpkgs-master": [
          "crap",
          "conformist",
          "purse-first",
          "nixpkgs-master"
        ],
        "utils": [
          "crap",
          "conformist",
          "purse-first",
          "utils"
        ]
      },
      "locked": {
        "lastModified": 1780578823,
        "narHash": "sha256-fYpYfjnpvcQ1/byC6UisbYc5boGxbH0gj0jyJfUDhOI=",
        "owner": "amarbel-llc",
        "repo": "conformist",
        "rev": "e7a3240c6fe46caec85c4966b011f784e1846637",
        "type": "github"
      },
      "original": {
        "owner": "amarbel-llc",
        "repo": "conformist",
        "type": "github"
      }
    },
    "conformist_4": {
      "inputs": {
        "igloo": [
          "madder",
          "igloo"
        ],
        "nixpkgs-master": [
          "madder",
          "nixpkgs-master"
        ],
        "purse-first": [
          "madder",
          "purse-first"
        ],
        "utils": [
          "madder",
          "utils"
        ]
      },
      "locked": {
        "lastModified": 1781091350,
        "narHash": "sha256-Fh71UlDU1S35Ud8UDgOoNGsC+Aqn2vgLA4bdngh6uYc=",
        "owner": "amarbel-llc",
        "repo": "conformist",
        "rev": "32d84e8d2c50f0848654ba915b619ae9079be50b",
        "type": "github"
      },
      "original": {
        "owner": "amarbel-llc",
        "repo": "conformist",
        "type": "github"
      }
    },
    "conformist_5": {
      "inputs": {
        "igloo": [
          "tommy",
          "tap",
          "purse-first",
          "igloo"
        ],
        "nixpkgs-master": [
          "tommy",
          "tap",
          "purse-first",
          "nixpkgs-master"
        ],
        "purse-first": "purse-first_5",
        "utils": [
          "tommy",
          "tap",
          "purse-first",
          "utils"
        ]
      },
      "locked": {
        "lastModified": 1780831779,
        "narHash": "sha256-/Kt5AXeAfz8yR7gfLvWCx/F/02rB2KZta6VXoVqkO2c=",
        "owner": "amarbel-llc",
        "repo": "conformist",
        "rev": "d1e6dffd28703c36cd09b50a0f733bb183d51820",
        "type": "github"
      },
      "original": {
        "owner": "amarbel-llc",
        "repo": "conformist",
        "type": "github"
      }
    },
    "conformist_6": {
      "inputs": {
        "igloo": [
          "tommy",
          "tap",
          "purse-first",
          "conformist",
          "purse-first",
          "igloo"
        ],
        "nixpkgs-master": [
          "tommy",
          "tap",
          "purse-first",
          "conformist",
          "purse-first",
          "nixpkgs-master"
        ],
        "utils": [
          "tommy",
          "tap",
          "purse-first",
          "conformist",
          "purse-first",
          "utils"
        ]
      },
      "locked": {
        "lastModified": 1780578823,
        "narHash": "sha256-fYpYfjnpvcQ1/byC6UisbYc5boGxbH0gj0jyJfUDhOI=",
        "owner": "amarbel-llc",
        "repo": "conformist",
        "rev": "e7a3240c6fe46caec85c4966b011f784e1846637",
        "type": "github"
      },
      "original": {
        "owner": "amarbel-llc",
        "repo": "conformist",
        "type": "github"
      }
    },
    "crane": {
      "locked": {
        "lastModified": 1780532242,
        "narHash": "sha256-D+BsdpxmtUwtqGoY0IXPhHgTlmqgcZKCEo1oMyn7ep0=",
        "owner": "ipetkov",
        "repo": "crane",
        "rev": "59a82a1222dd3b2080b5cc52a1a2e8d5f1b77f37",
        "type": "github"
      },
      "original": {
        "owner": "ipetkov",
        "repo": "crane",
        "type": "github"
      }
    },
    "crane_2": {
      "locked": {
        "lastModified": 1780532242,
        "narHash": "sha256-D+BsdpxmtUwtqGoY0IXPhHgTlmqgcZKCEo1oMyn7ep0=",
        "owner": "ipetkov",
        "repo": "crane",
        "rev": "59a82a1222dd3b2080b5cc52a1a2e8d5f1b77f37",
        "type": "github"
      },
      "original": {
        "owner": "ipetkov",
        "repo": "crane",
        "type": "github"
      }
    },
    "crap": {
      "inputs": {
        "bats": [
          "bats"
        ],
        "conformist": "conformist_2",
        "igloo": [
          "igloo"
        ],
        "nixpkgs-master": [
          "nixpkgs-master"
        ],
        "utils": [
          "utils"
        ]
      },
      "locked": {
        "lastModified": 1781179495,
        "narHash": "sha256-Sqqp3aAX6HeErlJFb5JmgbYZjUZBAhWKeZ9on6Hpw8I=",
        "owner": "amarbel-llc",
        "repo": "crap",
        "rev": "43d03ed9d52d03ad1d8298a4335fb62a16c30eaf",
        "type": "github"
      },
      "original": {
        "owner": "amarbel-llc",
        "repo": "crap",
        "type": "github"
      }
    },
    "crap_2": {
      "inputs": {
        "bats": [
          "madder",
          "bats"
        ],
        "conformist": [
          "madder",
          "conformist"
        ],
        "igloo": [
          "madder",
          "igloo"
        ],
        "nixpkgs-master": [
          "madder",
          "nixpkgs-master"
        ],
        "utils": [
          "madder",
          "utils"
        ]
      },
      "locked": {
        "lastModified": 1781179495,
        "narHash": "sha256-Sqqp3aAX6HeErlJFb5JmgbYZjUZBAhWKeZ9on6Hpw8I=",
        "owner": "amarbel-llc",
        "repo": "crap",
        "rev": "43d03ed9d52d03ad1d8298a4335fb62a16c30eaf",
        "type": "github"
      },
      "original": {
        "owner": "amarbel-llc",
        "repo": "crap",
        "type": "github"
      }
    },
    "doppelgang": {
      "inputs": {
        "igloo": [
          "madder",
          "igloo"
        ],
        "nixpkgs-master": [
          "madder",
          "nixpkgs-master"
        ],
        "treefmt-nix": [
          "madder",
          "bats",
          "treefmt-nix"
        ],
        "utils": [
          "madder",
          "utils"
        ]
      },
      "locked": {
        "lastModified": 1781086942,
        "narHash": "sha256-cWeAfHM2jPmy2Ni1YWuMpV/HtGorl8rVaT+EHq5lFl8=",
        "owner": "amarbel-llc",
        "repo": "doppelgang",
        "rev": "9b84dccdd549947b82cf38b4c0fea54e8d9a2df0",
        "type": "github"
      },
      "original": {
        "owner": "amarbel-llc",
        "repo": "doppelgang",
        "type": "github"
      }
    },
    "flake-parts": {
      "inputs": {
        "nixpkgs-lib": [
          "igloo",
          "nixpkgs-master"
        ]
      },
      "locked": {
        "lastModified": 1778716662,
        "narHash": "sha256-m1Yf0wZ8j1OHjTc2UwHwyQRSnNeSgLJOd7q5Y45hzi4=",
        "owner": "hercules-ci",
        "repo": "flake-parts",
        "rev": "f7c1a2d347e4c52d5fb8d10cb4d94b5884e546fb",
        "type": "github"
      },
      "original": {
        "owner": "hercules-ci",
        "repo": "flake-parts",
        "type": "github"
      }
    },
    "flake-parts_2": {
      "inputs": {
        "nixpkgs-lib": [
          "tommy",
          "tap",
          "purse-first",
          "conformist",
          "purse-first",
          "igloo",
          "nixpkgs-master"
        ]
      },
      "locked": {
        "lastModified": 1778716662,
        "narHash": "sha256-m1Yf0wZ8j1OHjTc2UwHwyQRSnNeSgLJOd7q5Y45hzi4=",
        "owner": "hercules-ci",
        "repo": "flake-parts",
        "rev": "f7c1a2d347e4c52d5fb8d10cb4d94b5884e546fb",
        "type": "github"
      },
      "original": {
        "owner": "hercules-ci",
        "repo": "flake-parts",
        "type": "github"
      }
    },
    "flake-utils": {
      "inputs": {
        "systems": "systems_2"
      },
      "locked": {
        "lastModified": 1731533236,
        "narHash": "sha256-l0KFg5HjrsfsO/JpG+r7fRrqm12kzFHyUHqHCVpMMbI=",
        "owner": "numtide",
        "repo": "flake-utils",
        "rev": "11707dc2f618dd54ca8739b309ec4fc024de578b",
        "type": "github"
      },
      "original": {
        "owner": "numtide",
        "repo": "flake-utils",
        "type": "github"
      }
    },
    "gomod2nix": {
      "inputs": {
        "flake-utils": [
          "conformist",
          "purse-first",
          "utils"
        ],
        "nixpkgs-master": [
          "conformist",
          "purse-first",
          "nixpkgs-master"
        ]
      },
      "locked": {
        "lastModified": 1779583462,
        "narHash": "sha256-E32c2DtK6w8oJ00RplIgXqY2c4UVobZVTxaLRIbXhEE=",
        "owner": "amarbel-llc",
        "repo": "gomod2nix",
        "rev": "2ae99ee109b3214305f098a4ebccd91b323a86b2",
        "type": "github"
      },
      "original": {
        "owner": "amarbel-llc",
        "repo": "gomod2nix",
        "type": "github"
      }
    },
    "gomod2nix_2": {
      "inputs": {
        "flake-utils": [
          "crap",
          "conformist",
          "purse-first",
          "utils"
        ],
        "nixpkgs-master": [
          "crap",
          "conformist",
          "purse-first",
          "nixpkgs-master"
        ]
      },
      "locked": {
        "lastModified": 1779583462,
        "narHash": "sha256-E32c2DtK6w8oJ00RplIgXqY2c4UVobZVTxaLRIbXhEE=",
        "owner": "amarbel-llc",
        "repo": "gomod2nix",
        "rev": "2ae99ee109b3214305f098a4ebccd91b323a86b2",
        "type": "github"
      },
      "original": {
        "owner": "amarbel-llc",
        "repo": "gomod2nix",
        "type": "github"
      }
    },
    "gomod2nix_3": {
      "inputs": {
        "flake-utils": [
          "madder",
          "purse-first",
          "utils"
        ],
        "nixpkgs-master": [
          "madder",
          "purse-first",
          "nixpkgs-master"
        ]
      },
      "locked": {
        "lastModified": 1779583462,
        "narHash": "sha256-E32c2DtK6w8oJ00RplIgXqY2c4UVobZVTxaLRIbXhEE=",
        "owner": "amarbel-llc",
        "repo": "gomod2nix",
        "rev": "2ae99ee109b3214305f098a4ebccd91b323a86b2",
        "type": "github"
      },
      "original": {
        "owner": "amarbel-llc",
        "repo": "gomod2nix",
        "type": "github"
      }
    },
    "gomod2nix_4": {
      "inputs": {
        "flake-utils": "flake-utils",
        "nixpkgs-master": "nixpkgs-master_3"
      },
      "locked": {
        "lastModified": 1779583462,
        "narHash": "sha256-E32c2DtK6w8oJ00RplIgXqY2c4UVobZVTxaLRIbXhEE=",
        "owner": "amarbel-llc",
        "repo": "gomod2nix",
        "rev": "2ae99ee109b3214305f098a4ebccd91b323a86b2",
        "type": "github"
      },
      "original": {
        "owner": "amarbel-llc",
        "repo": "gomod2nix",
        "type": "github"
      }
    },
    "gomod2nix_5": {
      "inputs": {
        "flake-utils": [
          "tommy",
          "tap",
          "purse-first",
          "conformist",
          "purse-first",
          "utils"
        ],
        "nixpkgs-master": [
          "tommy",
          "tap",
          "purse-first",
          "conformist",
          "purse-first",
          "nixpkgs-master"
        ]
      },
      "locked": {
        "lastModified": 1779583462,
        "narHash": "sha256-E32c2DtK6w8oJ00RplIgXqY2c4UVobZVTxaLRIbXhEE=",
        "owner": "amarbel-llc",
        "repo": "gomod2nix",
        "rev": "2ae99ee109b3214305f098a4ebccd91b323a86b2",
        "type": "github"
      },
      "original": {
        "owner": "amarbel-llc",
        "repo": "gomod2nix",
        "type": "github"
      }
    },
    "igloo": {
      "inputs": {
        "bun2nix": "bun2nix",
        "flake-parts": "flake-parts",
        "nixpkgs-master": "nixpkgs-master",
        "systems": "systems",
        "treefmt-nix": "treefmt-nix_2"
      },
      "locked": {
        "lastModified": 1781099645,
        "narHash": "sha256-+BQXVsWeT9SVoJW1OiwC72Ot+OikMKZKZDn+3n6rgvw=",
        "owner": "amarbel-llc",
        "repo": "igloo",
        "rev": "328a479666c09a80f0d4e035fe44653d15e83322",
        "type": "github"
      },
      "original": {
        "owner": "amarbel-llc",
        "repo": "igloo",
        "type": "github"
      }
    },
    "igloo_2": {
      "inputs": {
        "bun2nix": "bun2nix_2",
        "flake-parts": "flake-parts_2",
        "nixpkgs-master": "nixpkgs-master_4",
        "systems": "systems_3",
        "treefmt-nix": "treefmt-nix_4"
      },
      "locked": {
        "lastModified": 1780574017,
        "narHash": "sha256-/uijEfyeoymCrMYFO0ZonaDKFmyNbhaP6INGMO7nX20=",
        "owner": "amarbel-llc",
        "repo": "igloo",
        "rev": "c6b6163c9c84cf7b5485e2169d37e01254bf4106",
        "type": "github"
      },
      "original": {
        "owner": "amarbel-llc",
        "repo": "igloo",
        "type": "github"
      }
    },
    "madder": {
      "inputs": {
        "bats": [
          "bats"
        ],
        "conformist": "conformist_4",
        "crap": "crap_2",
        "doppelgang": "doppelgang",
        "igloo": [
          "igloo"
        ],
        "nixpkgs-master": [
          "nixpkgs-master"
        ],
        "purse-first": "purse-first_3",
        "tap": "tap",
        "tommy": [
          "tommy"
        ],
        "utils": [
          "utils"
        ]
      },
      "locked": {
        "lastModified": 1781202066,
        "narHash": "sha256-10sPCUp6gtVsWG3FVuWoBUfnz/lQlPkSVuGyWhE0gRA=",
        "owner": "amarbel-llc",
        "repo": "madder",
        "rev": "4fb40ad47bd31454b798060568a9eccce2df17d5",
        "type": "github"
      },
      "original": {
        "owner": "amarbel-llc",
        "repo": "madder",
        "type": "github"
      }
    },
    "nixpkgs-master": {
      "locked": {
        "lastModified": 1778869304,
        "narHash": "sha256-30sZNZoA1cqF5JNO9fVX+wgiQYjB7HJqqJ4ztCDeBZE=",
        "owner": "NixOS",
        "repo": "nixpkgs",
        "rev": "d233902339c02a9c334e7e593de68855ad26c4cb",
        "type": "github"
      },
      "original": {
        "owner": "NixOS",
        "repo": "nixpkgs",
        "rev": "d233902339c02a9c334e7e593de68855ad26c4cb",
        "type": "github"
      }
    },
    "nixpkgs-master_2": {
      "locked": {
        "lastModified": 1778869304,
        "narHash": "sha256-30sZNZoA1cqF5JNO9fVX+wgiQYjB7HJqqJ4ztCDeBZE=",
        "owner": "NixOS",
        "repo": "nixpkgs",
        "rev": "d233902339c02a9c334e7e593de68855ad26c4cb",
        "type": "github"
      },
      "original": {
        "owner": "NixOS",
        "repo": "nixpkgs",
        "rev": "d233902339c02a9c334e7e593de68855ad26c4cb",
        "type": "github"
      }
    },
    "nixpkgs-master_3": {
      "locked": {
        "lastModified": 1778869304,
        "narHash": "sha256-30sZNZoA1cqF5JNO9fVX+wgiQYjB7HJqqJ4ztCDeBZE=",
        "owner": "NixOS",
        "repo": "nixpkgs",
        "rev": "d233902339c02a9c334e7e593de68855ad26c4cb",
        "type": "github"
      },
      "original": {
        "owner": "NixOS",
        "repo": "nixpkgs",
        "rev": "d233902339c02a9c334e7e593de68855ad26c4cb",
        "type": "github"
      }
    },
    "nixpkgs-master_4": {
      "locked": {
        "lastModified": 1778869304,
        "narHash": "sha256-30sZNZoA1cqF5JNO9fVX+wgiQYjB7HJqqJ4ztCDeBZE=",
        "owner": "NixOS",
        "repo": "nixpkgs",
        "rev": "d233902339c02a9c334e7e593de68855ad26c4cb",
        "type": "github"
      },
      "original": {
        "owner": "NixOS",
        "repo": "nixpkgs",
        "rev": "d233902339c02a9c334e7e593de68855ad26c4cb",
        "type": "github"
      }
    },
    "nixpkgs-master_5": {
      "locked": {
        "lastModified": 1778869304,
        "narHash": "sha256-30sZNZoA1cqF5JNO9fVX+wgiQYjB7HJqqJ4ztCDeBZE=",
        "owner": "NixOS",
        "repo": "nixpkgs",
        "rev": "d233902339c02a9c334e7e593de68855ad26c4cb",
        "type": "github"
      },
      "original": {
        "owner": "NixOS",
        "repo": "nixpkgs",
        "rev": "d233902339c02a9c334e7e593de68855ad26c4cb",
        "type": "github"
      }
    },
    "purse-first": {
      "inputs": {
        "gomod2nix": "gomod2nix",
        "igloo": [
          "conformist",
          "igloo"
        ],
        "nixpkgs-master": [
          "conformist",
          "nixpkgs-master"
        ],
        "utils": [
          "conformist",
          "utils"
        ]
      },
      "locked": {
        "lastModified": 1781054600,
        "narHash": "sha256-ytrIuUUKtfwXPrctMOax4waEpAdOKHdufWGuPf00Djk=",
        "owner": "amarbel-llc",
        "repo": "purse-first",
        "rev": "f006f5fa947ea6d76cea7c3b2d74b84f17755913",
        "type": "github"
      },
      "original": {
        "owner": "amarbel-llc",
        "repo": "purse-first",
        "type": "github"
      }
    },
    "purse-first_2": {
      "inputs": {
        "conformist": "conformist_3",
        "gomod2nix": "gomod2nix_2",
        "igloo": [
          "crap",
          "conformist",
          "igloo"
        ],
        "nixpkgs-master": [
          "crap",
          "conformist",
          "nixpkgs-master"
        ],
        "utils": [
          "crap",
          "conformist",
          "utils"
        ]
      },
      "locked": {
        "lastModified": 1780797655,
        "narHash": "sha256-OMrT14KCj/lzsP04gtKzSfQ84M/OC8HCQ7r3DPKU8uo=",
        "owner": "amarbel-llc",
        "repo": "purse-first",
        "rev": "a5521b9f96fc5bdb753fa8bba053b79aa6f1a0ab",
        "type": "github"
      },
      "original": {
        "owner": "amarbel-llc",
        "repo": "purse-first",
        "type": "github"
      }
    },
    "purse-first_3": {
      "inputs": {
        "gomod2nix": "gomod2nix_3",
        "igloo": [
          "madder",
          "igloo"
        ],
        "nixpkgs-master": [
          "madder",
          "nixpkgs-master"
        ],
        "utils": [
          "madder",
          "utils"
        ]
      },
      "locked": {
        "lastModified": 1781201128,
        "narHash": "sha256-5XL6TDTVUmVGj177DTtTUCDZoaLp/xGdv4b5oA/iM5c=",
        "owner": "amarbel-llc",
        "repo": "purse-first",
        "rev": "00c193ed49b477fdf6c23450c35256c2251e3b72",
        "type": "github"
      },
      "original": {
        "owner": "amarbel-llc",
        "repo": "purse-first",
        "type": "github"
      }
    },
    "purse-first_4": {
      "inputs": {
        "conformist": "conformist_5",
        "gomod2nix": [
          "tommy",
          "tap",
          "gomod2nix"
        ],
        "igloo": [
          "tommy",
          "tap",
          "igloo"
        ],
        "nixpkgs-master": [
          "tommy",
          "tap",
          "nixpkgs-master"
        ],
        "utils": [
          "tommy",
          "tap",
          "utils"
        ]
      },
      "locked": {
        "lastModified": 1780832380,
        "narHash": "sha256-5xljrhcaWc92x5AovhtWlbPJNaYG6JdMmHp3JukS+dI=",
        "owner": "amarbel-llc",
        "repo": "purse-first",
        "rev": "422cb1ca8f60263b08a7c2232f0899694c7b1635",
        "type": "github"
      },
      "original": {
        "owner": "amarbel-llc",
        "repo": "purse-first",
        "type": "github"
      }
    },
    "purse-first_5": {
      "inputs": {
        "conformist": "conformist_6",
        "gomod2nix": "gomod2nix_5",
        "igloo": "igloo_2",
        "nixpkgs-master": "nixpkgs-master_5",
        "utils": "utils"
      },
      "locked": {
        "lastModified": 1780797655,
        "narHash": "sha256-OMrT14KCj/lzsP04gtKzSfQ84M/OC8HCQ7r3DPKU8uo=",
        "owner": "amarbel-llc",
        "repo": "purse-first",
        "rev": "a5521b9f96fc5bdb753fa8bba053b79aa6f1a0ab",
        "type": "github"
      },
      "original": {
        "owner": "amarbel-llc",
        "repo": "purse-first",
        "type": "github"
      }
    },
    "root": {
      "inputs": {
        "bats": "bats",
        "conformist": "conformist",
        "crap": "crap",
        "igloo": "igloo",
        "madder": "madder",
        "nixpkgs-master": "nixpkgs-master_2",
        "tommy": "tommy",
        "utils": "utils_2"
      }
    },
    "rust-overlay": {
      "inputs": {
        "nixpkgs": [
          "madder",
          "tap",
          "igloo"
        ]
      },
      "locked": {
        "lastModified": 1781147846,
        "narHash": "sha256-hBdiQYd40xRtBWBiXHUxuQYWmJBiK19YO1FiYgrmEo0=",
        "owner": "oxalica",
        "repo": "rust-overlay",
        "rev": "107c334f141854f563f8adf1db781dc453d92639",
        "type": "github"
      },
      "original": {
        "owner": "oxalica",
        "repo": "rust-overlay",
        "type": "github"
      }
    },
    "rust-overlay_2": {
      "inputs": {
        "nixpkgs": [
          "tommy",
          "tap",
          "igloo"
        ]
      },
      "locked": {
        "lastModified": 1780802404,
        "narHash": "sha256-bGtIUeLb0yChX4h6hB40OOCwcYhcpQZHXSDvZGdWgeM=",
        "owner": "oxalica",
        "repo": "rust-overlay",
        "rev": "8e596a8430f2ce54d55c742198187d6945a5501e",
        "type": "github"
      },
      "original": {
        "owner": "oxalica",
        "repo": "rust-overlay",
        "type": "github"
      }
    },
    "systems": {
      "locked": {
        "lastModified": 1681028828,
        "narHash": "sha256-Vy1rq5AaRuLzOxct8nz4T6wlgyUR7zLU309k9mBC768=",
        "owner": "nix-systems",
        "repo": "default",
        "rev": "da67096a3b9bf56a91d16901293e51ba5b49a27e",
        "type": "github"
      },
      "original": {
        "owner": "nix-systems",
        "repo": "default",
        "type": "github"
      }
    },
    "systems_2": {
      "locked": {
        "lastModified": 1681028828,
        "narHash": "sha256-Vy1rq5AaRuLzOxct8nz4T6wlgyUR7zLU309k9mBC768=",
        "owner": "nix-systems",
        "repo": "default",
        "rev": "da67096a3b9bf56a91d16901293e51ba5b49a27e",
        "type": "github"
      },
      "original": {
        "owner": "nix-systems",
        "repo": "default",
        "type": "github"
      }
    },
    "systems_3": {
      "locked": {
        "lastModified": 1681028828,
        "narHash": "sha256-Vy1rq5AaRuLzOxct8nz4T6wlgyUR7zLU309k9mBC768=",
        "owner": "nix-systems",
        "repo": "default",
        "rev": "da67096a3b9bf56a91d16901293e51ba5b49a27e",
        "type": "github"
      },
      "original": {
        "owner": "nix-systems",
        "repo": "default",
        "type": "github"
      }
    },
    "systems_4": {
      "locked": {
        "lastModified": 1681028828,
        "narHash": "sha256-Vy1rq5AaRuLzOxct8nz4T6wlgyUR7zLU309k9mBC768=",
        "owner": "nix-systems",
        "repo": "default",
        "rev": "da67096a3b9bf56a91d16901293e51ba5b49a27e",
        "type": "github"
      },
      "original": {
        "owner": "nix-systems",
        "repo": "default",
        "type": "github"
      }
    },
    "systems_5": {
      "locked": {
        "lastModified": 1681028828,
        "narHash": "sha256-Vy1rq5AaRuLzOxct8nz4T6wlgyUR7zLU309k9mBC768=",
        "owner": "nix-systems",
        "repo": "default",
        "rev": "da67096a3b9bf56a91d16901293e51ba5b49a27e",
        "type": "github"
      },
      "original": {
        "owner": "nix-systems",
        "repo": "default",
        "type": "github"
      }
    },
    "tap": {
      "inputs": {
        "bats": [
          "madder",
          "bats"
        ],
        "crane": "crane",
        "gomod2nix": [
          "madder",
          "purse-first",
          "gomod2nix"
        ],
        "igloo": [
          "madder",
          "igloo"
        ],
        "nixpkgs-master": [
          "madder",
          "nixpkgs-master"
        ],
        "purse-first": [
          "madder",
          "purse-first"
        ],
        "rust-overlay": "rust-overlay",
        "treefmt-nix": [
          "madder",
          "bats",
          "treefmt-nix"
        ],
        "utils": [
          "madder",
          "utils"
        ]
      },
      "locked": {
        "lastModified": 1781201238,
        "narHash": "sha256-WabDlHaI/Hjlwnud5XpVtGOWTf85dxailRUQxr9t9DM=",
        "owner": "amarbel-llc",
        "repo": "tap",
        "rev": "738b49033e5c279667117baea0f2b9d40464fd6f",
        "type": "github"
      },
      "original": {
        "owner": "amarbel-llc",
        "repo": "tap",
        "type": "github"
      }
    },
    "tap_2": {
      "inputs": {
        "bats": [
          "tommy",
          "bats"
        ],
        "crane": "crane_2",
        "gomod2nix": "gomod2nix_4",
        "igloo": [
          "tommy",
          "igloo"
        ],
        "nixpkgs-master": [
          "tommy",
          "nixpkgs-master"
        ],
        "purse-first": "purse-first_4",
        "rust-overlay": "rust-overlay_2",
        "treefmt-nix": "treefmt-nix_5",
        "utils": [
          "tommy",
          "utils"
        ]
      },
      "locked": {
        "lastModified": 1780832485,
        "narHash": "sha256-fmxQ0ebZQox5dmbuT/zSbosZ6VgffaU0F6NKSuNMMxA=",
        "owner": "amarbel-llc",
        "repo": "tap",
        "rev": "cc0ee92890172f8c0cd5ae51c8dac791129f9e80",
        "type": "github"
      },
      "original": {
        "owner": "amarbel-llc",
        "repo": "tap",
        "type": "github"
      }
    },
    "tommy": {
      "inputs": {
        "bats": "bats_2",
        "igloo": [
          "igloo"
        ],
        "nixpkgs-master": [
          "nixpkgs-master"
        ],
        "tap": "tap_2",
        "utils": [
          "utils"
        ]
      },
      "locked": {
        "lastModified": 1780929076,
        "narHash": "sha256-1FJmHOZg7gkpQrSXmwn1AngTsNYNiQkfRJf35jDKGHk=",
        "owner": "amarbel-llc",
        "repo": "tommy",
        "rev": "c3f47725036551c727435d683297171536ab0a93",
        "type": "github"
      },
      "original": {
        "owner": "amarbel-llc",
        "ref": "v0.4.0",
        "repo": "tommy",
        "type": "github"
      }
    },
    "treefmt-nix": {
      "inputs": {
        "nixpkgs": [
          "bats",
          "igloo"
        ]
      },
      "locked": {
        "lastModified": 1780220602,
        "narHash": "sha256-eynAfOmbmxJnkp7YewvCEbShNnnYJ9gLLqkzsYtBPeM=",
        "owner": "numtide",
        "repo": "treefmt-nix",
        "rev": "db947814a175b7ca6ded66e21383d938df01c227",
        "type": "github"
      },
      "original": {
        "owner": "numtide",
        "repo": "treefmt-nix",
        "type": "github"
      }
    },
    "treefmt-nix_2": {
      "inputs": {
        "nixpkgs": [
          "igloo",
          "nixpkgs-master"
        ]
      },
      "locked": {
        "lastModified": 1780220602,
        "narHash": "sha256-eynAfOmbmxJnkp7YewvCEbShNnnYJ9gLLqkzsYtBPeM=",
        "owner": "numtide",
        "repo": "treefmt-nix",
        "rev": "db947814a175b7ca6ded66e21383d938df01c227",
        "type": "github"
      },
      "original": {
        "owner": "numtide",
        "repo": "treefmt-nix",
        "type": "github"
      }
    },
    "treefmt-nix_3": {
      "inputs": {
        "nixpkgs": [
          "tommy",
          "bats",
          "igloo"
        ]
      },
      "locked": {
        "lastModified": 1780220602,
        "narHash": "sha256-eynAfOmbmxJnkp7YewvCEbShNnnYJ9gLLqkzsYtBPeM=",
        "owner": "numtide",
        "repo": "treefmt-nix",
        "rev": "db947814a175b7ca6ded66e21383d938df01c227",
        "type": "github"
      },
      "original": {
        "owner": "numtide",
        "repo": "treefmt-nix",
        "type": "github"
      }
    },
    "treefmt-nix_4": {
      "inputs": {
        "nixpkgs": [
          "tommy",
          "tap",
          "purse-first",
          "conformist",
          "purse-first",
          "igloo",
          "nixpkgs-master"
        ]
      },
      "locked": {
        "lastModified": 1780220602,
        "narHash": "sha256-eynAfOmbmxJnkp7YewvCEbShNnnYJ9gLLqkzsYtBPeM=",
        "owner": "numtide",
        "repo": "treefmt-nix",
        "rev": "db947814a175b7ca6ded66e21383d938df01c227",
        "type": "github"
      },
      "original": {
        "owner": "numtide",
        "repo": "treefmt-nix",
        "type": "github"
      }
    },
    "treefmt-nix_5": {
      "inputs": {
        "nixpkgs": [
          "tommy",
          "tap",
          "igloo"
        ]
      },
      "locked": {
        "lastModified": 1780220602,
        "narHash": "sha256-eynAfOmbmxJnkp7YewvCEbShNnnYJ9gLLqkzsYtBPeM=",
        "owner": "numtide",
        "repo": "treefmt-nix",
        "rev": "db947814a175b7ca6ded66e21383d938df01c227",
        "type": "github"
      },
      "original": {
        "owner": "numtide",
        "repo": "treefmt-nix",
        "type": "github"
      }
    },
    "utils": {
      "inputs": {
        "systems": "systems_4"
      },
      "locked": {
        "lastModified": 1731533236,
        "narHash": "sha256-l0KFg5HjrsfsO/JpG+r7fRrqm12kzFHyUHqHCVpMMbI=",
        "rev": "11707dc2f618dd54ca8739b309ec4fc024de578b",
        "revCount": 102,
        "type": "tarball",
        "url": "https://api.flakehub.com/f/pinned/numtide/flake-utils/0.1.102%2Brev-11707dc2f618dd54ca8739b309ec4fc024de578b/0193276d-5b8f-7dbc-acf1-41cb7b54ad2e/source.tar.gz"
      },
      "original": {
        "type": "tarball",
        "url": "https://flakehub.com/f/numtide/flake-utils/0.1.102"
      }
    },
    "utils_2": {
      "inputs": {
        "systems": "systems_5"
      },
      "locked": {
        "lastModified": 1731533236,
        "narHash": "sha256-l0KFg5HjrsfsO/JpG+r7fRrqm12kzFHyUHqHCVpMMbI=",
        "rev": "11707dc2f618dd54ca8739b309ec4fc024de578b",
        "revCount": 102,
        "type": "tarball",
        "url": "https://api.flakehub.com/f/pinned/numtide/flake-utils/0.1.102%2Brev-11707dc2f618dd54ca8739b309ec4fc024de578b/0193276d-5b8f-7dbc-acf1-41cb7b54ad2e/source.tar.gz"
      },
      "original": {
        "type": "tarball",
        "url": "https://flakehub.com/f/numtide/flake-utils/0.1.102"
      }
    }
  },
  "root": "root",
  "version": 7
}
