{
  "nodes": {
    "bats": {
      "inputs": {
        "igloo": [
          "igloo"
        ],
        "nixpkgs-master": [
          "nixpkgs-master"
        ],
        "treefmt-nix": "treefmt-nix",
        "utils": [
          "utils"
        ]
      },
      "locked": {
        "lastModified": 1783992495,
        "narHash": "sha256-Ur6JvfN6m3GBFpZ7QXuN0tClhij8pi0xvD9iwDzyg+w=",
        "owner": "amarbel-llc",
        "repo": "bats",
        "rev": "cd0e74302b4535fccf3be6c3a37493d487d4e1da",
        "type": "github"
      },
      "original": {
        "owner": "amarbel-llc",
        "repo": "bats",
        "type": "github"
      }
    },
    "bats_2": {
      "inputs": {
        "igloo": [
          "tommy",
          "igloo"
        ],
        "nixpkgs-master": [
          "tommy",
          "nixpkgs-master"
        ],
        "treefmt-nix": [
          "bats",
          "treefmt-nix"
        ],
        "utils": [
          "tommy",
          "utils"
        ]
      },
      "locked": {
        "lastModified": 1781178159,
        "narHash": "sha256-eD0PMvHY1MCK7g31+xAM7+yf+wTXKGlaX1uEEFkQkAw=",
        "owner": "amarbel-llc",
        "repo": "bats",
        "rev": "74f6bb8d25a1801846980a033e733fbd32e3bbdb",
        "type": "github"
      },
      "original": {
        "owner": "amarbel-llc",
        "repo": "bats",
        "type": "github"
      }
    },
    "bun2nix": {
      "inputs": {
        "flake-parts": [
          "igloo",
          "flake-parts"
        ],
        "nixpkgs": [
          "igloo",
          "nixpkgs-master"
        ],
        "systems": [
          "igloo",
          "systems"
        ],
        "treefmt-nix": [
          "igloo",
          "treefmt-nix"
        ]
      },
      "locked": {
        "lastModified": 1782772816,
        "narHash": "sha256-s9BuFv0mRuZx9C1MF8qPHRdcAK14ONi0A5m6E2wqOoM=",
        "owner": "nix-community",
        "repo": "bun2nix",
        "rev": "5a39d717029e94163ac223aee8d5c9946cafed1c",
        "type": "github"
      },
      "original": {
        "owner": "nix-community",
        "repo": "bun2nix",
        "type": "github"
      }
    },
    "conformist": {
      "inputs": {
        "igloo": [
          "igloo"
        ],
        "nixpkgs-master": [
          "nixpkgs-master"
        ],
        "utils": [
          "utils"
        ]
      },
      "locked": {
        "lastModified": 1783949730,
        "narHash": "sha256-ilEJ9Wp+yrc1/3CK7NRQDdmJ0PTB+xJoS8Grslo7itg=",
        "owner": "amarbel-llc",
        "repo": "conformist",
        "rev": "1985c0c5fd4197ae944526ea9700caed259e1fe8",
        "type": "github"
      },
      "original": {
        "owner": "amarbel-llc",
        "repo": "conformist",
        "type": "github"
      }
    },
    "crane": {
      "locked": {
        "lastModified": 1783203018,
        "narHash": "sha256-G6R9IT/xwFuu+CYBWDUAok6AdC4ERC4ZfPPFtEpxnZE=",
        "owner": "ipetkov",
        "repo": "crane",
        "rev": "80db5bdc391be8a1794f6d8a2d56e3a84ebcede2",
        "type": "github"
      },
      "original": {
        "owner": "ipetkov",
        "repo": "crane",
        "type": "github"
      }
    },
    "crane_2": {
      "locked": {
        "lastModified": 1780532242,
        "narHash": "sha256-D+BsdpxmtUwtqGoY0IXPhHgTlmqgcZKCEo1oMyn7ep0=",
        "owner": "ipetkov",
        "repo": "crane",
        "rev": "59a82a1222dd3b2080b5cc52a1a2e8d5f1b77f37",
        "type": "github"
      },
      "original": {
        "owner": "ipetkov",
        "repo": "crane",
        "type": "github"
      }
    },
    "crap": {
      "inputs": {
        "bats": [
          "bats"
        ],
        "conformist": [
          "conformist"
        ],
        "igloo": [
          "igloo"
        ],
        "nixpkgs-master": [
          "nixpkgs-master"
        ],
        "utils": [
          "utils"
        ]
      },
      "locked": {
        "lastModified": 1783993200,
        "narHash": "sha256-bHyxOB3b7Yj+MwLzjQrdHoFZbGKvD+wG0cu8Oc0uPTs=",
        "owner": "amarbel-llc",
        "repo": "crap",
        "rev": "26cb96f9dcdb9509dea124cb27cfb59ba816a969",
        "type": "github"
      },
      "original": {
        "owner": "amarbel-llc",
        "repo": "crap",
        "type": "github"
      }
    },
    "doppelgang": {
      "inputs": {
        "conformist": [
          "madder",
          "conformist"
        ],
        "igloo": [
          "madder",
          "igloo"
        ],
        "nixpkgs-master": [
          "madder",
          "nixpkgs-master"
        ],
        "utils": [
          "madder",
          "utils"
        ]
      },
      "locked": {
        "lastModified": 1783950862,
        "narHash": "sha256-fsiElpufWfGHwmr2EXrvr2KAVAv95Tk3FGtgr5v9+QU=",
        "owner": "amarbel-llc",
        "repo": "doppelgang",
        "rev": "6a807f46a4ef4b138962049bac29737055f0f397",
        "type": "github"
      },
      "original": {
        "owner": "amarbel-llc",
        "repo": "doppelgang",
        "type": "github"
      }
    },
    "flake-parts": {
      "inputs": {
        "nixpkgs-lib": [
          "igloo",
          "nixpkgs-master"
        ]
      },
      "locked": {
        "lastModified": 1782949081,
        "narHash": "sha256-vp6Y/Grm98ESt6ceOkWiHWyZRDV3J1RID4w+6NWK9yA=",
        "owner": "hercules-ci",
        "repo": "flake-parts",
        "rev": "17c9d6cdfc60c64f4ee8d306f9bc0b4ccb51481e",
        "type": "github"
      },
      "original": {
        "owner": "hercules-ci",
        "repo": "flake-parts",
        "type": "github"
      }
    },
    "gomod2nix": {
      "inputs": {
        "flake-utils": [
          "madder",
          "purse-first",
          "utils"
        ],
        "nixpkgs-master": [
          "madder",
          "purse-first",
          "nixpkgs-master"
        ]
      },
      "locked": {
        "lastModified": 1782656014,
        "narHash": "sha256-/JTvDNbl9p6rK7XfFib9cbYJB6a3Td0nLW33tGOZMmI=",
        "owner": "amarbel-llc",
        "repo": "gomod2nix",
        "rev": "f2530333078779ff6565f2312ad891e82b233076",
        "type": "github"
      },
      "original": {
        "owner": "amarbel-llc",
        "repo": "gomod2nix",
        "type": "github"
      }
    },
    "gomod2nix_2": {
      "inputs": {
        "flake-utils": [
          "utils"
        ],
        "nixpkgs-master": "nixpkgs-master_2"
      },
      "locked": {
        "lastModified": 1779583462,
        "narHash": "sha256-E32c2DtK6w8oJ00RplIgXqY2c4UVobZVTxaLRIbXhEE=",
        "owner": "amarbel-llc",
        "repo": "gomod2nix",
        "rev": "2ae99ee109b3214305f098a4ebccd91b323a86b2",
        "type": "github"
      },
      "original": {
        "owner": "amarbel-llc",
        "repo": "gomod2nix",
        "type": "github"
      }
    },
    "hyphence": {
      "inputs": {
        "bats": [
          "madder",
          "bats"
        ],
        "conformist": [
          "madder",
          "conformist"
        ],
        "doppelgang": [
          "madder",
          "doppelgang"
        ],
        "igloo": [
          "madder",
          "igloo"
        ],
        "nixpkgs-master": [
          "madder",
          "nixpkgs-master"
        ],
        "purse-first": [
          "madder",
          "purse-first"
        ],
        "utils": [
          "madder",
          "utils"
        ]
      },
      "locked": {
        "lastModified": 1783993959,
        "narHash": "sha256-imcKusNy9mR7VPQFc52pUiq0mXiJm3bwKggTXv1TmSI=",
        "owner": "amarbel-llc",
        "repo": "hyphence",
        "rev": "99ddf26980c8bc23e64b30cd25e61bf3a0b604ca",
        "type": "github"
      },
      "original": {
        "owner": "amarbel-llc",
        "repo": "hyphence",
        "type": "github"
      }
    },
    "igloo": {
      "inputs": {
        "bun2nix": "bun2nix",
        "flake-parts": "flake-parts",
        "nixpkgs-master": [
          "nixpkgs-master"
        ],
        "systems": "systems",
        "treefmt-nix": [
          "bats",
          "treefmt-nix"
        ]
      },
      "locked": {
        "lastModified": 1783896868,
        "narHash": "sha256-pN9WzpM9sBz6DmQIlALLhAKIC9yrbY9rLa+qrYr8Ph8=",
        "owner": "amarbel-llc",
        "repo": "igloo",
        "rev": "e04bba9f87552e4161ebec00c528361316d36d3c",
        "type": "github"
      },
      "original": {
        "owner": "amarbel-llc",
        "repo": "igloo",
        "type": "github"
      }
    },
    "jcardsim": {
      "flake": false,
      "locked": {
        "lastModified": 1589327878,
        "narHash": "sha256-0akp8BAp6QxGuBrDFEg0ED/F98bCkO2WQSocYqWszyI=",
        "owner": "arekinath",
        "repo": "jcardsim",
        "rev": "4c766cfb48c43507f9a30a1443e7214d2073a430",
        "type": "github"
      },
      "original": {
        "owner": "arekinath",
        "repo": "jcardsim",
        "type": "github"
      }
    },
    "madder": {
      "inputs": {
        "bats": [
          "bats"
        ],
        "conformist": [
          "conformist"
        ],
        "crap": [
          "crap"
        ],
        "doppelgang": "doppelgang",
        "hyphence": "hyphence",
        "igloo": [
          "igloo"
        ],
        "nixpkgs-master": [
          "nixpkgs-master"
        ],
        "piggy": "piggy",
        "purse-first": "purse-first",
        "tap": "tap",
        "tommy": [
          "tommy"
        ],
        "utils": [
          "utils"
        ]
      },
      "locked": {
        "lastModified": 1783994284,
        "narHash": "sha256-QA5y0YkD00Ls5ww+e5ZGrz/o1+nv0HdjXhNmBwTBbMw=",
        "owner": "amarbel-llc",
        "repo": "madder",
        "rev": "a00d07019f6fcc831979d61eedc631712041ebc1",
        "type": "github"
      },
      "original": {
        "owner": "amarbel-llc",
        "repo": "madder",
        "type": "github"
      }
    },
    "nixpkgs-master": {
      "locked": {
        "lastModified": 1781577229,
        "narHash": "sha256-lrp67w8AulE9Ks53n27I45ADSzbOCn4H+CNW1Ck8B+8=",
        "owner": "NixOS",
        "repo": "nixpkgs",
        "rev": "567a49d1913ce81ac6e9582e3553dd90a955875f",
        "type": "github"
      },
      "original": {
        "owner": "NixOS",
        "repo": "nixpkgs",
        "rev": "567a49d1913ce81ac6e9582e3553dd90a955875f",
        "type": "github"
      }
    },
    "nixpkgs-master_2": {
      "locked": {
        "lastModified": 1778869304,
        "narHash": "sha256-30sZNZoA1cqF5JNO9fVX+wgiQYjB7HJqqJ4ztCDeBZE=",
        "owner": "NixOS",
        "repo": "nixpkgs",
        "rev": "d233902339c02a9c334e7e593de68855ad26c4cb",
        "type": "github"
      },
      "original": {
        "owner": "NixOS",
        "repo": "nixpkgs",
        "rev": "d233902339c02a9c334e7e593de68855ad26c4cb",
        "type": "github"
      }
    },
    "oracle-javacard-sdks": {
      "flake": false,
      "locked": {
        "lastModified": 1778827321,
        "narHash": "sha256-HL4EdW+aX/Ff2uqibxnOYTthVVglD6bf58CNvNEOGEA=",
        "owner": "martinpaljak",
        "repo": "oracle_javacard_sdks",
        "rev": "6a75ec0d6913db236d354f154df7dbc9573d976d",
        "type": "github"
      },
      "original": {
        "owner": "martinpaljak",
        "repo": "oracle_javacard_sdks",
        "type": "github"
      }
    },
    "papi": {
      "inputs": {
        "conformist": [
          "conformist"
        ],
        "igloo": [
          "igloo"
        ],
        "nixpkgs": [
          "papi",
          "conformist",
          "nixpkgs-master"
        ],
        "nixpkgs-master": [
          "nixpkgs-master"
        ],
        "piggy": [
          "madder",
          "piggy"
        ],
        "purse-first": [
          "madder",
          "purse-first"
        ],
        "utils": [
          "utils"
        ]
      },
      "locked": {
        "lastModified": 1783994033,
        "narHash": "sha256-rcd5PH3ceptu/ZZRR/N6hMeWGHqKyD7ApqI0570seZo=",
        "owner": "amarbel-llc",
        "repo": "papi",
        "rev": "514cd3e066d31ac902026ab5d41724ef8077de7d",
        "type": "github"
      },
      "original": {
        "owner": "amarbel-llc",
        "repo": "papi",
        "type": "github"
      }
    },
    "piggy": {
      "inputs": {
        "bats": [
          "madder",
          "bats"
        ],
        "conformist": [
          "madder",
          "conformist"
        ],
        "igloo": [
          "madder",
          "igloo"
        ],
        "jcardsim": "jcardsim",
        "nixpkgs-master": [
          "madder",
          "nixpkgs-master"
        ],
        "oracle-javacard-sdks": "oracle-javacard-sdks",
        "pivapplet": "pivapplet",
        "purse-first": [
          "madder",
          "purse-first"
        ],
        "utils": [
          "madder",
          "utils"
        ]
      },
      "locked": {
        "lastModified": 1783993634,
        "narHash": "sha256-dDbb1DFACgcdz1nKES+8xxcb6CtZZQW3lUX6lNZj45M=",
        "owner": "amarbel-llc",
        "repo": "piggy",
        "rev": "8bebeaa66dcaf760bd8f8ab3c119da3b1f8a4f61",
        "type": "github"
      },
      "original": {
        "owner": "amarbel-llc",
        "repo": "piggy",
        "type": "github"
      }
    },
    "pivapplet": {
      "flake": false,
      "locked": {
        "lastModified": 1661144882,
        "narHash": "sha256-FuO9iocgB1ZjQCKW9EfPUuCIx066LIz0mhb73SmGMAw=",
        "owner": "arekinath",
        "repo": "PivApplet",
        "rev": "5cb14a9e8d16e92fbad73dcad86a219a9210554f",
        "type": "github"
      },
      "original": {
        "owner": "arekinath",
        "repo": "PivApplet",
        "type": "github"
      }
    },
    "purse-first": {
      "inputs": {
        "conformist": [
          "madder",
          "conformist"
        ],
        "gomod2nix": "gomod2nix",
        "igloo": [
          "madder",
          "igloo"
        ],
        "nixpkgs-master": [
          "madder",
          "nixpkgs-master"
        ],
        "utils": [
          "madder",
          "utils"
        ]
      },
      "locked": {
        "lastModified": 1783992553,
        "narHash": "sha256-nugXy3GOx6SVDokiQFimxeoTXZ+wbYz54Twzi4Pmmkk=",
        "owner": "amarbel-llc",
        "repo": "purse-first",
        "rev": "f3ad3d58f15005c5caf0e32e85a1d48655ed25d6",
        "type": "github"
      },
      "original": {
        "owner": "amarbel-llc",
        "repo": "purse-first",
        "type": "github"
      }
    },
    "purse-first_2": {
      "inputs": {
        "gomod2nix": [
          "tommy",
          "tap",
          "gomod2nix"
        ],
        "igloo": [
          "tommy",
          "tap",
          "igloo"
        ],
        "nixpkgs-master": [
          "tommy",
          "tap",
          "nixpkgs-master"
        ],
        "utils": [
          "tommy",
          "tap",
          "utils"
        ]
      },
      "locked": {
        "lastModified": 1781201128,
        "narHash": "sha256-5XL6TDTVUmVGj177DTtTUCDZoaLp/xGdv4b5oA/iM5c=",
        "owner": "amarbel-llc",
        "repo": "purse-first",
        "rev": "00c193ed49b477fdf6c23450c35256c2251e3b72",
        "type": "github"
      },
      "original": {
        "owner": "amarbel-llc",
        "repo": "purse-first",
        "type": "github"
      }
    },
    "root": {
      "inputs": {
        "bats": "bats",
        "conformist": "conformist",
        "crap": "crap",
        "igloo": "igloo",
        "madder": "madder",
        "nixpkgs-master": "nixpkgs-master",
        "papi": "papi",
        "tommy": "tommy",
        "utils": "utils"
      }
    },
    "rust-overlay": {
      "inputs": {
        "nixpkgs": [
          "madder",
          "tap",
          "igloo"
        ]
      },
      "locked": {
        "lastModified": 1783488441,
        "narHash": "sha256-jmWf+H3iC/0z7/mmvTovaJx1E/LME1QyHkyk+AFfJPk=",
        "owner": "oxalica",
        "repo": "rust-overlay",
        "rev": "7dc3a177a239ed879c5581a80f6dc246c7e102f1",
        "type": "github"
      },
      "original": {
        "owner": "oxalica",
        "repo": "rust-overlay",
        "type": "github"
      }
    },
    "rust-overlay_2": {
      "inputs": {
        "nixpkgs": [
          "tommy",
          "tap",
          "igloo"
        ]
      },
      "locked": {
        "lastModified": 1781320681,
        "narHash": "sha256-mjJ/VxJaIkgcUvKANgKOaaN5M1X1X+6NjCP0C5hw0WI=",
        "owner": "oxalica",
        "repo": "rust-overlay",
        "rev": "5b929d8c854149d926d05ea0cd6469bf4e54db27",
        "type": "github"
      },
      "original": {
        "owner": "oxalica",
        "repo": "rust-overlay",
        "type": "github"
      }
    },
    "systems": {
      "locked": {
        "lastModified": 1681028828,
        "narHash": "sha256-Vy1rq5AaRuLzOxct8nz4T6wlgyUR7zLU309k9mBC768=",
        "owner": "nix-systems",
        "repo": "default",
        "rev": "da67096a3b9bf56a91d16901293e51ba5b49a27e",
        "type": "github"
      },
      "original": {
        "owner": "nix-systems",
        "repo": "default",
        "type": "github"
      }
    },
    "tap": {
      "inputs": {
        "bats": [
          "madder",
          "bats"
        ],
        "crane": "crane",
        "gomod2nix": [
          "madder",
          "purse-first",
          "gomod2nix"
        ],
        "igloo": [
          "madder",
          "igloo"
        ],
        "nixpkgs-master": [
          "madder",
          "nixpkgs-master"
        ],
        "purse-first": [
          "madder",
          "purse-first"
        ],
        "rust-overlay": "rust-overlay",
        "treefmt-nix": [
          "madder",
          "bats",
          "treefmt-nix"
        ],
        "utils": [
          "madder",
          "utils"
        ]
      },
      "locked": {
        "lastModified": 1783517057,
        "narHash": "sha256-Sjkt4kFYqwTGK7slrM5PzIKF3fq8yzNZm14jVZrARbI=",
        "owner": "amarbel-llc",
        "repo": "tap",
        "rev": "4531c9f064d408f68963a5dc5198edc94e23c478",
        "type": "github"
      },
      "original": {
        "owner": "amarbel-llc",
        "repo": "tap",
        "type": "github"
      }
    },
    "tap_2": {
      "inputs": {
        "bats": [
          "tommy",
          "bats"
        ],
        "crane": "crane_2",
        "gomod2nix": "gomod2nix_2",
        "igloo": [
          "tommy",
          "igloo"
        ],
        "nixpkgs-master": [
          "tommy",
          "nixpkgs-master"
        ],
        "purse-first": "purse-first_2",
        "rust-overlay": "rust-overlay_2",
        "treefmt-nix": [
          "bats",
          "treefmt-nix"
        ],
        "utils": [
          "tommy",
          "utils"
        ]
      },
      "locked": {
        "lastModified": 1781378802,
        "narHash": "sha256-G3gCRXzG5/4R7Ow3z/gmYhbt0O/J3PE98KwRGylpGYA=",
        "owner": "amarbel-llc",
        "repo": "tap",
        "rev": "b1dd869f542f44a77cbdedac20ccd033a8603f32",
        "type": "github"
      },
      "original": {
        "owner": "amarbel-llc",
        "repo": "tap",
        "type": "github"
      }
    },
    "tommy": {
      "inputs": {
        "bats": "bats_2",
        "igloo": [
          "igloo"
        ],
        "nixpkgs-master": [
          "nixpkgs-master"
        ],
        "tap": "tap_2",
        "utils": [
          "utils"
        ]
      },
      "locked": {
        "lastModified": 1781445262,
        "narHash": "sha256-YsbRRsjH7e54PKLKrwoTfo4LA8mHh0//k4Wrtq+Ad/E=",
        "owner": "amarbel-llc",
        "repo": "tommy",
        "rev": "41efed39bbfd893600e47cc81a7f200675f02032",
        "type": "github"
      },
      "original": {
        "owner": "amarbel-llc",
        "ref": "v0.4.6",
        "repo": "tommy",
        "type": "github"
      }
    },
    "treefmt-nix": {
      "inputs": {
        "nixpkgs": [
          "bats",
          "igloo"
        ]
      },
      "locked": {
        "lastModified": 1780220602,
        "narHash": "sha256-eynAfOmbmxJnkp7YewvCEbShNnnYJ9gLLqkzsYtBPeM=",
        "owner": "numtide",
        "repo": "treefmt-nix",
        "rev": "db947814a175b7ca6ded66e21383d938df01c227",
        "type": "github"
      },
      "original": {
        "owner": "numtide",
        "repo": "treefmt-nix",
        "type": "github"
      }
    },
    "utils": {
      "inputs": {
        "systems": [
          "igloo",
          "systems"
        ]
      },
      "locked": {
        "lastModified": 1731533236,
        "narHash": "sha256-l0KFg5HjrsfsO/JpG+r7fRrqm12kzFHyUHqHCVpMMbI=",
        "rev": "11707dc2f618dd54ca8739b309ec4fc024de578b",
        "revCount": 102,
        "type": "tarball",
        "url": "https://api.flakehub.com/f/pinned/numtide/flake-utils/0.1.102%2Brev-11707dc2f618dd54ca8739b309ec4fc024de578b/0193276d-5b8f-7dbc-acf1-41cb7b54ad2e/source.tar.gz"
      },
      "original": {
        "type": "tarball",
        "url": "https://flakehub.com/f/numtide/flake-utils/0.1.102"
      }
    }
  },
  "root": "root",
  "version": 7
}
